// !$*UTF8*$!
{
	archiveVersion = 1;
	classes = {
	};
	objectVersion = 50;
	objects = {

/* Begin PBXBuildFile section */
		261B0A5421E730C100316185 /* ConfigViewController.swift in Sources */ = {isa = PBXBuildFile; fileRef = 261B0A5221E730C100316185 /* ConfigViewController.swift */; };
		261B0A5521E730C100316185 /* ConfigViewController.xib in Resources */ = {isa = PBXBuildFile; fileRef = 261B0A5321E730C100316185 /* ConfigViewController.xib */; };
		263539CB21E3F3A60079EC1E /* AppDelegate.swift in Sources */ = {isa = PBXBuildFile; fileRef = 263539CA21E3F3A60079EC1E /* AppDelegate.swift */; };
		263539CD21E3F3A60079EC1E /* ViewController.swift in Sources */ = {isa = PBXBuildFile; fileRef = 263539CC21E3F3A60079EC1E /* ViewController.swift */; };
		263539CF21E3F3A80079EC1E /* Assets.xcassets in Resources */ = {isa = PBXBuildFile; fileRef = 263539CE21E3F3A80079EC1E /* Assets.xcassets */; };
		263539D221E3F3A80079EC1E /* Main.storyboard in Resources */ = {isa = PBXBuildFile; fileRef = 263539D021E3F3A80079EC1E /* Main.storyboard */; };
		26D4B07A21ED24A6005923C3 /* example.json in Resources */ = {isa = PBXBuildFile; fileRef = 26D4B07921ED24A6005923C3 /* example.json */; };
/* End PBXBuildFile section */

/* Begin PBXFileReference section */
		261B0A5221E730C100316185 /* ConfigViewController.swift */ = {isa = PBXFileReference; lastKnownFileType = sourcecode.swift; path = ConfigViewController.swift; sourceTree = "<group>"; };
		261B0A5321E730C100316185 /* ConfigViewController.xib */ = {isa = PBXFileReference; lastKnownFileType = file.xib; path = ConfigViewController.xib; sourceTree = "<group>"; };
		263539C721E3F3A60079EC1E /* Mobile Router Status.app */ = {isa = PBXFileReference; explicitFileType = wrapper.application; includeInIndex = 0; path = "Mobile Router Status.app"; sourceTree = BUILT_PRODUCTS_DIR; };
		263539CA21E3F3A60079EC1E /* AppDelegate.swift */ = {isa = PBXFileReference; lastKnownFileType = sourcecode.swift; path = AppDelegate.swift; sourceTree = "<group>"; };
		263539CC21E3F3A60079EC1E /* ViewController.swift */ = {isa = PBXFileReference; lastKnownFileType = sourcecode.swift; path = ViewController.swift; sourceTree = "<group>"; };
		263539CE21E3F3A80079EC1E /* Assets.xcassets */ = {isa = PBXFileReference; lastKnownFileType = folder.assetcatalog; path = Assets.xcassets; sourceTree = "<group>"; };
		263539D121E3F3A80079EC1E /* Base */ = {isa = PBXFileReference; lastKnownFileType = file.storyboard; name = Base; path = Base.lproj/Main.storyboard; sourceTree = "<group>"; };
		263539D321E3F3A80079EC1E /* Info.plist */ = {isa = PBXFileReference; lastKnownFileType = text.plist.xml; path = Info.plist; sourceTree = "<group>"; };
		263539D421E3F3A80079EC1E /* Mobile_Router_Status.entitlements */ = {isa = PBXFileReference; lastKnownFileType = text.plist.entitlements; path = Mobile_Router_Status.entitlements; sourceTree = "<group>"; };
		26CDA4DE21F5139C00B0A901 /* Mobile Router Status.entitlements */ = {isa = PBXFileReference; lastKnownFileType = text.plist.entitlements; path = "Mobile Router Status.entitlements"; sourceTree = "<group>"; };
		26D4B07921ED24A6005923C3 /* example.json */ = {isa = PBXFileReference; lastKnownFileType = text.json; path = example.json; sourceTree = "<group>"; };
/* End PBXFileReference section */

/* Begin PBXFrameworksBuildPhase section */
		263539C421E3F3A60079EC1E /* Frameworks */ = {
			isa = PBXFrameworksBuildPhase;
			buildActionMask = 2147483647;
			files = (
			);
			runOnlyForDeploymentPostprocessing = 0;
		};
/* End PBXFrameworksBuildPhase section */

/* Begin PBXGroup section */
		263539BE21E3F3A60079EC1E = {
			isa = PBXGroup;
			children = (
				26D4B07921ED24A6005923C3 /* example.json */,
				263539C921E3F3A60079EC1E /* Mobile Router Status */,
				263539C821E3F3A60079EC1E /* Products */,
			);
			sourceTree = "<group>";
		};
		263539C821E3F3A60079EC1E /* Products */ = {
			isa = PBXGroup;
			children = (
				263539C721E3F3A60079EC1E /* Mobile Router Status.app */,
			);
			name = Products;
			sourceTree = "<group>";
		};
		263539C921E3F3A60079EC1E /* Mobile Router Status */ = {
			isa = PBXGroup;
			children = (
				26CDA4DE21F5139C00B0A901 /* Mobile Router Status.entitlements */,
				261B0A5221E730C100316185 /* ConfigViewController.swift */,
				261B0A5321E730C100316185 /* ConfigViewController.xib */,
				263539CA21E3F3A60079EC1E /* AppDelegate.swift */,
				263539CC21E3F3A60079EC1E /* ViewController.swift */,
				263539CE21E3F3A80079EC1E /* Assets.xcassets */,
				263539D021E3F3A80079EC1E /* Main.storyboard */,
				263539D321E3F3A80079EC1E /* Info.plist */,
				263539D421E3F3A80079EC1E /* Mobile_Router_Status.entitlements */,
			);
			path = "Mobile Router Status";
			sourceTree = "<group>";
		};
/* End PBXGroup section */

/* Begin PBXNativeTarget section */
		263539C621E3F3A60079EC1E /* Mobile Router Status */ = {
			isa = PBXNativeTarget;
			buildConfigurationList = 263539D721E3F3A80079EC1E /* Build configuration list for PBXNativeTarget "Mobile Router Status" */;
			buildPhases = (
				263539C321E3F3A60079EC1E /* Sources */,
				263539C421E3F3A60079EC1E /* Frameworks */,
				263539C521E3F3A60079EC1E /* Resources */,
			);
			buildRules = (
			);
			dependencies = (
			);
			name = "Mobile Router Status";
			productName = "Mobile Router Status";
			productReference = 263539C721E3F3A60079EC1E /* Mobile Router Status.app */;
			productType = "com.apple.product-type.application";
		};
/* End PBXNativeTarget section */

/* Begin PBXProject section */
		263539BF21E3F3A60079EC1E /* Project object */ = {
			isa = PBXProject;
			attributes = {
				LastSwiftUpdateCheck = 1010;
				LastUpgradeCheck = 1010;
				ORGANIZATIONNAME = "Mountain Pass";
				TargetAttributes = {
					263539C621E3F3A60079EC1E = {
						CreatedOnToolsVersion = 10.1;
						SystemCapabilities = {
							com.apple.HardenedRuntime = {
								enabled = 0;
							};
						};
					};
				};
			};
			buildConfigurationList = 263539C221E3F3A60079EC1E /* Build configuration list for PBXProject "Mobile Router Status" */;
			compatibilityVersion = "Xcode 9.3";
			developmentRegion = en;
			hasScannedForEncodings = 0;
			knownRegions = (
				en,
				Base,
			);
			mainGroup = 263539BE21E3F3A60079EC1E;
			productRefGroup = 263539C821E3F3A60079EC1E /* Products */;
			projectDirPath = "";
			projectRoot = "";
			targets = (
				263539C621E3F3A60079EC1E /* Mobile Router Status */,
			);
		};
/* End PBXProject section */

/* Begin PBXResourcesBuildPhase section */
		263539C521E3F3A60079EC1E /* Resources */ = {
			isa = PBXResourcesBuildPhase;
			buildActionMask = 2147483647;
			files = (
				26D4B07A21ED24A6005923C3 /* example.json in Resources */,
				263539CF21E3F3A80079EC1E /* Assets.xcassets in Resources */,
				263539D221E3F3A80079EC1E /* Main.storyboard in Resources */,
				261B0A5521E730C100316185 /* ConfigViewController.xib in Resources */,
			);
			runOnlyForDeploymentPostprocessing = 0;
		};
/* End PBXResourcesBuildPhase section */

/* Begin PBXSourcesBuildPhase section */
		263539C321E3F3A60079EC1E /* Sources */ = {
			isa = PBXSourcesBuildPhase;
			buildActionMask = 2147483647;
			files = (
				263539CD21E3F3A60079EC1E /* ViewController.swift in Sources */,
				263539CB21E3F3A60079EC1E /* AppDelegate.swift in Sources */,
				261B0A5421E730C100316185 /* ConfigViewController.swift in Sources */,
			);
			runOnlyForDeploymentPostprocessing = 0;
		};
/* End PBXSourcesBuildPhase section */

/* Begin PBXVariantGroup section */
		263539D021E3F3A80079EC1E /* Main.storyboard */ = {
			isa = PBXVariantGroup;
			children = (
				263539D121E3F3A80079EC1E /* Base */,
			);
			name = Main.storyboard;
			sourceTree = "<group>";
		};
/* End PBXVariantGroup section */

/* Begin XCBuildConfiguration section */
		263539D521E3F3A80079EC1E /* Debug */ = {
			isa = XCBuildConfiguration;
			buildSettings = {
				ALWAYS_SEARCH_USER_PATHS = NO;
				CLANG_ANALYZER_NONNULL = YES;
				CLANG_ANALYZER_NUMBER_OBJECT_CONVERSION = YES_AGGRESSIVE;
				CLANG_CXX_LANGUAGE_STANDARD = "gnu++14";
				CLANG_CXX_LIBRARY = "libc++";
				CLANG_ENABLE_MODULES = YES;
				CLANG_ENABLE_OBJC_ARC = YES;
				CLANG_ENABLE_OBJC_WEAK = YES;
				CLANG_WARN_BLOCK_CAPTURE_AUTORELEASING = YES;
				CLANG_WARN_BOOL_CONVERSION = YES;
				CLANG_WARN_COMMA = YES;
				CLANG_WARN_CONSTANT_CONVERSION = YES;
				CLANG_WARN_DEPRECATED_OBJC_IMPLEMENTATIONS = YES;
				CLANG_WARN_DIRECT_OBJC_ISA_USAGE = YES_ERROR;
				CLANG_WARN_DOCUMENTATION_COMMENTS = YES;
				CLANG_WARN_EMPTY_BODY = YES;
				CLANG_WARN_ENUM_CONVERSION = YES;
				CLANG_WARN_INFINITE_RECURSION = YES;
				CLANG_WARN_INT_CONVERSION = YES;
				CLANG_WARN_NON_LITERAL_NULL_CONVERSION = YES;
				CLANG_WARN_OBJC_IMPLICIT_RETAIN_SELF = YES;
				CLANG_WARN_OBJC_LITERAL_CONVERSION = YES;
				CLANG_WARN_OBJC_ROOT_CLASS = YES_ERROR;
				CLANG_WARN_RANGE_LOOP_ANALYSIS = YES;
				CLANG_WARN_STRICT_PROTOTYPES = YES;
				CLANG_WARN_SUSPICIOUS_MOVE = YES;
				CLANG_WARN_UNGUARDED_AVAILABILITY = YES_AGGRESSIVE;
				CLANG_WARN_UNREACHABLE_CODE = YES;
				CLANG_WARN__DUPLICATE_METHOD_MATCH = YES;
				CODE_SIGN_IDENTITY = "Mac Developer";
				COPY_PHASE_STRIP = NO;
				DEBUG_INFORMATION_FORMAT = dwarf;
				ENABLE_STRICT_OBJC_MSGSEND = YES;
				ENABLE_TESTABILITY = YES;
				GCC_C_LANGUAGE_STANDARD = gnu11;
				GCC_DYNAMIC_NO_PIC = NO;
				GCC_NO_COMMON_BLOCKS = YES;
				GCC_OPTIMIZATION_LEVEL = 0;
				GCC_PREPROCESSOR_DEFINITIONS = (
					"DEBUG=1",
					"$(inherited)",
				);
				GCC_WARN_64_TO_32_BIT_CONVERSION = YES;
				GCC_WARN_ABOUT_RETURN_TYPE = YES_ERROR;
				GCC_WARN_UNDECLARED_SELECTOR = YES;
				GCC_WARN_UNINITIALIZED_AUTOS = YES_AGGRESSIVE;
				GCC_WARN_UNUSED_FUNCTION = YES;
				GCC_WARN_UNUSED_VARIABLE = YES;
				MACOSX_DEPLOYMENT_TARGET = 10.13;
				MTL_ENABLE_DEBUG_INFO = INCLUDE_SOURCE;
				MTL_FAST_MATH = YES;
				ONLY_ACTIVE_ARCH = YES;
				SDKROOT = macosx;
				SWIFT_ACTIVE_COMPILATION_CONDITIONS = DEBUG;
				SWIFT_OPTIMIZATION_LEVEL = "-Onone";
			};
			name = Debug;
		};
		263539D621E3F3A80079EC1E /* Release */ = {
			isa = XCBuildConfiguration;
			buildSettings = {
				ALWAYS_SEARCH_USER_PATHS = NO;
				CLANG_ANALYZER_NONNULL = YES;
				CLANG_ANALYZER_NUMBER_OBJECT_CONVERSION = YES_AGGRESSIVE;
				CLANG_CXX_LANGUAGE_STANDARD = "gnu++14";
				CLANG_CXX_LIBRARY = "libc++";
				CLANG_ENABLE_MODULES = YES;
				CLANG_ENABLE_OBJC_ARC = YES;
				CLANG_ENABLE_OBJC_WEAK = YES;
				CLANG_WARN_BLOCK_CAPTURE_AUTORELEASING = YES;
				CLANG_WARN_BOOL_CONVERSION = YES;
				CLANG_WARN_COMMA = YES;
				CLANG_WARN_CONSTANT_CONVERSION = YES;
				CLANG_WARN_DEPRECATED_OBJC_IMPLEMENTATIONS = YES;
				CLANG_WARN_DIRECT_OBJC_ISA_USAGE = YES_ERROR;
				CLANG_WARN_DOCUMENTATION_COMMENTS = YES;
				CLANG_WARN_EMPTY_BODY = YES;
				CLANG_WARN_ENUM_CONVERSION = YES;
				CLANG_WARN_INFINITE_RECURSION = YES;
				CLANG_WARN_INT_CONVERSION = YES;
				CLANG_WARN_NON_LITERAL_NULL_CONVERSION = YES;
				CLANG_WARN_OBJC_IMPLICIT_RETAIN_SELF = YES;
				CLANG_WARN_OBJC_LITERAL_CONVERSION = YES;
				CLANG_WARN_OBJC_ROOT_CLASS = YES_ERROR;
				CLANG_WARN_RANGE_LOOP_ANALYSIS = YES;
				CLANG_WARN_STRICT_PROTOTYPES = YES;
				CLANG_WARN_SUSPICIOUS_MOVE = YES;
				CLANG_WARN_UNGUARDED_AVAILABILITY = YES_AGGRESSIVE;
				CLANG_WARN_UNREACHABLE_CODE = YES;
				CLANG_WARN__DUPLICATE_METHOD_MATCH = YES;
				CODE_SIGN_IDENTITY = "Mac Developer";
				COPY_PHASE_STRIP = NO;
				DEBUG_INFORMATION_FORMAT = "dwarf-with-dsym";
				ENABLE_NS_ASSERTIONS = NO;
				ENABLE_STRICT_OBJC_MSGSEND = YES;
				GCC_C_LANGUAGE_STANDARD = gnu11;
				GCC_NO_COMMON_BLOCKS = YES;
				GCC_WARN_64_TO_32_BIT_CONVERSION = YES;
				GCC_WARN_ABOUT_RETURN_TYPE = YES_ERROR;
				GCC_WARN_UNDECLARED_SELECTOR = YES;
				GCC_WARN_UNINITIALIZED_AUTOS = YES_AGGRESSIVE;
				GCC_WARN_UNUSED_FUNCTION = YES;
				GCC_WARN_UNUSED_VARIABLE = YES;
				MACOSX_DEPLOYMENT_TARGET = 10.13;
				MTL_ENABLE_DEBUG_INFO = NO;
				MTL_FAST_MATH = YES;
				SDKROOT = macosx;
				SWIFT_COMPILATION_MODE = wholemodule;
				SWIFT_OPTIMIZATION_LEVEL = "-O";
			};
			name = Release;
		};
		263539D821E3F3A80079EC1E /* Debug */ = {
			isa = XCBuildConfiguration;
			buildSettings = {
				ASSETCATALOG_COMPILER_APPICON_NAME = AppIcon;
				CODE_SIGN_IDENTITY = "Mac Developer";
				CODE_SIGN_STYLE = Automatic;
				COMBINE_HIDPI_IMAGES = YES;
				DEVELOPMENT_TEAM = KYP686HD9S;
				INFOPLIST_FILE = "Mobile Router Status/Info.plist";
				LD_RUNPATH_SEARCH_PATHS = (
					"$(inherited)",
					"@executable_path/../Frameworks",
				);
				PRODUCT_BUNDLE_IDENTIFIER = "au.com.mountain-pass.Mobile-Router-Status";
				PRODUCT_NAME = "$(TARGET_NAME)";
				PROVISIONING_PROFILE_SPECIFIER = "";
				SWIFT_VERSION = 4.2;
			};
			name = Debug;
		};
		263539D921E3F3A80079EC1E /* Release */ = {
			isa = XCBuildConfiguration;
			buildSettings = {
				ASSETCATALOG_COMPILER_APPICON_NAME = AppIcon;
				CODE_SIGN_IDENTITY = "Mac Developer";
				CODE_SIGN_STYLE = Automatic;
				COMBINE_HIDPI_IMAGES = YES;
				DEVELOPMENT_TEAM = KYP686HD9S;
				INFOPLIST_FILE = "Mobile Router Status/Info.plist";
				LD_RUNPATH_SEARCH_PATHS = (
					"$(inherited)",
					"@executable_path/../Frameworks",
				);
				PRODUCT_BUNDLE_IDENTIFIER = "au.com.mountain-pass.Mobile-Router-Status";
				PRODUCT_NAME = "$(TARGET_NAME)";
				PROVISIONING_PROFILE_SPECIFIER = "";
				SWIFT_VERSION = 4.2;
			};
			name = Release;
		};
/* End XCBuildConfiguration section */

/* Begin XCConfigurationList section */
		263539C221E3F3A60079EC1E /* Build configuration list for PBXProject "Mobile Router Status" */ = {
			isa = XCConfigurationList;
			buildConfigurations = (
				263539D521E3F3A80079EC1E /* Debug */,
				263539D621E3F3A80079EC1E /* Release */,
			);
			defaultConfigurationIsVisible = 0;
			defaultConfigurationName = Release;
		};
		263539D721E3F3A80079EC1E /* Build configuration list for PBXNativeTarget "Mobile Router Status" */ = {
			isa = XCConfigurationList;
			buildConfigurations = (
				263539D821E3F3A80079EC1E /* Debug */,
				263539D921E3F3A80079EC1E /* Release */,
			);
			defaultConfigurationIsVisible = 0;
			defaultConfigurationName = Release;
		};
/* End XCConfigurationList section */
	};
	rootObject = 263539BF21E3F3A60079EC1E /* Project object */;
}
